// !$*UTF8*$!
{
	archiveVersion = 1;
	classes = {
	};
	objectVersion = 46;
	objects = {

/* Begin PBXBuildFile section */
		FCCFD56B1C4A9E4E0000933D /* HomeKitDatabaseObserver.swift in Sources */ = {isa = PBXBuildFile; fileRef = FCCFD56A1C4A9E4E0000933D /* HomeKitDatabaseObserver.swift */; };
		FCCFD56D1C4AA0D40000933D /* HomeDataStore.swift in Sources */ = {isa = PBXBuildFile; fileRef = FCCFD56C1C4AA0D40000933D /* HomeDataStore.swift */; };
		FCD8D0621C3DAEEF007E2772 /* AppDelegate.swift in Sources */ = {isa = PBXBuildFile; fileRef = FCD8D0611C3DAEEF007E2772 /* AppDelegate.swift */; };
		FCD8D0641C3DAEEF007E2772 /* ViewController.swift in Sources */ = {isa = PBXBuildFile; fileRef = FCD8D0631C3DAEEF007E2772 /* ViewController.swift */; };
		FCD8D0671C3DAEEF007E2772 /* Main.storyboard in Resources */ = {isa = PBXBuildFile; fileRef = FCD8D0651C3DAEEF007E2772 /* Main.storyboard */; };
		FCD8D0691C3DAEEF007E2772 /* Assets.xcassets in Resources */ = {isa = PBXBuildFile; fileRef = FCD8D0681C3DAEEF007E2772 /* Assets.xcassets */; };
		FCD8D06C1C3DAEEF007E2772 /* LaunchScreen.storyboard in Resources */ = {isa = PBXBuildFile; fileRef = FCD8D06A1C3DAEEF007E2772 /* LaunchScreen.storyboard */; };
		FCD8D0771C3DAEEF007E2772 /* HomeKitTestTests.swift in Sources */ = {isa = PBXBuildFile; fileRef = FCD8D0761C3DAEEF007E2772 /* HomeKitTestTests.swift */; };
		FCD8D0821C3DAEEF007E2772 /* HomeKitTestUITests.swift in Sources */ = {isa = PBXBuildFile; fileRef = FCD8D0811C3DAEEF007E2772 /* HomeKitTestUITests.swift */; };
		FCD8D0911C3DAF2E007E2772 /* HomeKit.framework in Frameworks */ = {isa = PBXBuildFile; fileRef = FCD8D0901C3DAF2E007E2772 /* HomeKit.framework */; };
/* End PBXBuildFile section */

/* Begin PBXContainerItemProxy section */
		FCD8D0731C3DAEEF007E2772 /* PBXContainerItemProxy */ = {
			isa = PBXContainerItemProxy;
			containerPortal = FCD8D0561C3DAEEF007E2772 /* Project object */;
			proxyType = 1;
			remoteGlobalIDString = FCD8D05D1C3DAEEF007E2772;
			remoteInfo = HomeKitTest;
		};
		FCD8D07E1C3DAEEF007E2772 /* PBXContainerItemProxy */ = {
			isa = PBXContainerItemProxy;
			containerPortal = FCD8D0561C3DAEEF007E2772 /* Project object */;
			proxyType = 1;
			remoteGlobalIDString = FCD8D05D1C3DAEEF007E2772;
			remoteInfo = HomeKitTest;
		};
/* End PBXContainerItemProxy section */

/* Begin PBXFileReference section */
		FCCFD56A1C4A9E4E0000933D /* HomeKitDatabaseObserver.swift */ = {isa = PBXFileReference; fileEncoding = 4; lastKnownFileType = sourcecode.swift; path = HomeKitDatabaseObserver.swift; sourceTree = "<group>"; };
		FCCFD56C1C4AA0D40000933D /* HomeDataStore.swift */ = {isa = PBXFileReference; fileEncoding = 4; lastKnownFileType = sourcecode.swift; path = HomeDataStore.swift; sourceTree = "<group>"; };
		FCD8D05E1C3DAEEF007E2772 /* HomeKitTest.app */ = {isa = PBXFileReference; explicitFileType = wrapper.application; includeInIndex = 0; path = HomeKitTest.app; sourceTree = BUILT_PRODUCTS_DIR; };
		FCD8D0611C3DAEEF007E2772 /* AppDelegate.swift */ = {isa = PBXFileReference; lastKnownFileType = sourcecode.swift; path = AppDelegate.swift; sourceTree = "<group>"; };
		FCD8D0631C3DAEEF007E2772 /* ViewController.swift */ = {isa = PBXFileReference; lastKnownFileType = sourcecode.swift; path = ViewController.swift; sourceTree = "<group>"; };
		FCD8D0661C3DAEEF007E2772 /* Base */ = {isa = PBXFileReference; lastKnownFileType = file.storyboard; name = Base; path = Base.lproj/Main.storyboard; sourceTree = "<group>"; };
		FCD8D0681C3DAEEF007E2772 /* Assets.xcassets */ = {isa = PBXFileReference; lastKnownFileType = folder.assetcatalog; path = Assets.xcassets; sourceTree = "<group>"; };
		FCD8D06B1C3DAEEF007E2772 /* Base */ = {isa = PBXFileReference; lastKnownFileType = file.storyboard; name = Base; path = Base.lproj/LaunchScreen.storyboard; sourceTree = "<group>"; };
		FCD8D06D1C3DAEEF007E2772 /* Info.plist */ = {isa = PBXFileReference; lastKnownFileType = text.plist.xml; path = Info.plist; sourceTree = "<group>"; };
		FCD8D0721C3DAEEF007E2772 /* HomeKitTestTests.xctest */ = {isa = PBXFileReference; explicitFileType = wrapper.cfbundle; includeInIndex = 0; path = HomeKitTestTests.xctest; sourceTree = BUILT_PRODUCTS_DIR; };
		FCD8D0761C3DAEEF007E2772 /* HomeKitTestTests.swift */ = {isa = PBXFileReference; lastKnownFileType = sourcecode.swift; path = HomeKitTestTests.swift; sourceTree = "<group>"; };
		FCD8D0781C3DAEEF007E2772 /* Info.plist */ = {isa = PBXFileReference; lastKnownFileType = text.plist.xml; path = Info.plist; sourceTree = "<group>"; };
		FCD8D07D1C3DAEEF007E2772 /* HomeKitTestUITests.xctest */ = {isa = PBXFileReference; explicitFileType = wrapper.cfbundle; includeInIndex = 0; path = HomeKitTestUITests.xctest; sourceTree = BUILT_PRODUCTS_DIR; };
		FCD8D0811C3DAEEF007E2772 /* HomeKitTestUITests.swift */ = {isa = PBXFileReference; lastKnownFileType = sourcecode.swift; path = HomeKitTestUITests.swift; sourceTree = "<group>"; };
		FCD8D0831C3DAEEF007E2772 /* Info.plist */ = {isa = PBXFileReference; lastKnownFileType = text.plist.xml; path = Info.plist; sourceTree = "<group>"; };
		FCD8D08F1C3DAF2E007E2772 /* HomeKitTest.entitlements */ = {isa = PBXFileReference; lastKnownFileType = text.xml; path = HomeKitTest.entitlements; sourceTree = "<group>"; };
		FCD8D0901C3DAF2E007E2772 /* HomeKit.framework */ = {isa = PBXFileReference; lastKnownFileType = wrapper.framework; name = HomeKit.framework; path = System/Library/Frameworks/HomeKit.framework; sourceTree = SDKROOT; };
/* End PBXFileReference section */

/* Begin PBXFrameworksBuildPhase section */
		FCD8D05B1C3DAEEF007E2772 /* Frameworks */ = {
			isa = PBXFrameworksBuildPhase;
			buildActionMask = 2147483647;
			files = (
				FCD8D0911C3DAF2E007E2772 /* HomeKit.framework in Frameworks */,
			);
			runOnlyForDeploymentPostprocessing = 0;
		};
		FCD8D06F1C3DAEEF007E2772 /* Frameworks */ = {
			isa = PBXFrameworksBuildPhase;
			buildActionMask = 2147483647;
			files = (
			);
			runOnlyForDeploymentPostprocessing = 0;
		};
		FCD8D07A1C3DAEEF007E2772 /* Frameworks */ = {
			isa = PBXFrameworksBuildPhase;
			buildActionMask = 2147483647;
			files = (
			);
			runOnlyForDeploymentPostprocessing = 0;
		};
/* End PBXFrameworksBuildPhase section */

/* Begin PBXGroup section */
		FCD8D0551C3DAEEF007E2772 = {
			isa = PBXGroup;
			children = (
				FCD8D0901C3DAF2E007E2772 /* HomeKit.framework */,
				FCD8D0601C3DAEEF007E2772 /* HomeKitTest */,
				FCD8D0751C3DAEEF007E2772 /* HomeKitTestTests */,
				FCD8D0801C3DAEEF007E2772 /* HomeKitTestUITests */,
				FCD8D05F1C3DAEEF007E2772 /* Products */,
			);
			sourceTree = "<group>";
		};
		FCD8D05F1C3DAEEF007E2772 /* Products */ = {
			isa = PBXGroup;
			children = (
				FCD8D05E1C3DAEEF007E2772 /* HomeKitTest.app */,
				FCD8D0721C3DAEEF007E2772 /* HomeKitTestTests.xctest */,
				FCD8D07D1C3DAEEF007E2772 /* HomeKitTestUITests.xctest */,
			);
			name = Products;
			sourceTree = "<group>";
		};
		FCD8D0601C3DAEEF007E2772 /* HomeKitTest */ = {
			isa = PBXGroup;
			children = (
				FCD8D08F1C3DAF2E007E2772 /* HomeKitTest.entitlements */,
				FCD8D0611C3DAEEF007E2772 /* AppDelegate.swift */,
				FCD8D0631C3DAEEF007E2772 /* ViewController.swift */,
				FCCFD56C1C4AA0D40000933D /* HomeDataStore.swift */,
				FCCFD56A1C4A9E4E0000933D /* HomeKitDatabaseObserver.swift */,
				FCD8D0651C3DAEEF007E2772 /* Main.storyboard */,
				FCD8D0681C3DAEEF007E2772 /* Assets.xcassets */,
				FCD8D06A1C3DAEEF007E2772 /* LaunchScreen.storyboard */,
				FCD8D06D1C3DAEEF007E2772 /* Info.plist */,
			);
			path = HomeKitTest;
			sourceTree = "<group>";
		};
		FCD8D0751C3DAEEF007E2772 /* HomeKitTestTests */ = {
			isa = PBXGroup;
			children = (
				FCD8D0761C3DAEEF007E2772 /* HomeKitTestTests.swift */,
				FCD8D0781C3DAEEF007E2772 /* Info.plist */,
			);
			path = HomeKitTestTests;
			sourceTree = "<group>";
		};
		FCD8D0801C3DAEEF007E2772 /* HomeKitTestUITests */ = {
			isa = PBXGroup;
			children = (
				FCD8D0811C3DAEEF007E2772 /* HomeKitTestUITests.swift */,
				FCD8D0831C3DAEEF007E2772 /* Info.plist */,
			);
			path = HomeKitTestUITests;
			sourceTree = "<group>";
		};
/* End PBXGroup section */

/* Begin PBXNativeTarget section */
		FCD8D05D1C3DAEEF007E2772 /* HomeKitTest */ = {
			isa = PBXNativeTarget;
			buildConfigurationList = FCD8D0861C3DAEEF007E2772 /* Build configuration list for PBXNativeTarget "HomeKitTest" */;
			buildPhases = (
				FCD8D05A1C3DAEEF007E2772 /* Sources */,
				FCD8D05B1C3DAEEF007E2772 /* Frameworks */,
				FCD8D05C1C3DAEEF007E2772 /* Resources */,
			);
			buildRules = (
			);
			dependencies = (
			);
			name = HomeKitTest;
			productName = HomeKitTest;
			productReference = FCD8D05E1C3DAEEF007E2772 /* HomeKitTest.app */;
			productType = "com.apple.product-type.application";
		};
		FCD8D0711C3DAEEF007E2772 /* HomeKitTestTests */ = {
			isa = PBXNativeTarget;
			buildConfigurationList = FCD8D0891C3DAEEF007E2772 /* Build configuration list for PBXNativeTarget "HomeKitTestTests" */;
			buildPhases = (
				FCD8D06E1C3DAEEF007E2772 /* Sources */,
				FCD8D06F1C3DAEEF007E2772 /* Frameworks */,
				FCD8D0701C3DAEEF007E2772 /* Resources */,
			);
			buildRules = (
			);
			dependencies = (
				FCD8D0741C3DAEEF007E2772 /* PBXTargetDependency */,
			);
			name = HomeKitTestTests;
			productName = HomeKitTestTests;
			productReference = FCD8D0721C3DAEEF007E2772 /* HomeKitTestTests.xctest */;
			productType = "com.apple.product-type.bundle.unit-test";
		};
		FCD8D07C1C3DAEEF007E2772 /* HomeKitTestUITests */ = {
			isa = PBXNativeTarget;
			buildConfigurationList = FCD8D08C1C3DAEEF007E2772 /* Build configuration list for PBXNativeTarget "HomeKitTestUITests" */;
			buildPhases = (
				FCD8D0791C3DAEEF007E2772 /* Sources */,
				FCD8D07A1C3DAEEF007E2772 /* Frameworks */,
				FCD8D07B1C3DAEEF007E2772 /* Resources */,
			);
			buildRules = (
			);
			dependencies = (
				FCD8D07F1C3DAEEF007E2772 /* PBXTargetDependency */,
			);
			name = HomeKitTestUITests;
			productName = HomeKitTestUITests;
			productReference = FCD8D07D1C3DAEEF007E2772 /* HomeKitTestUITests.xctest */;
			productType = "com.apple.product-type.bundle.ui-testing";
		};
/* End PBXNativeTarget section */

/* Begin PBXProject section */
		FCD8D0561C3DAEEF007E2772 /* Project object */ = {
			isa = PBXProject;
			attributes = {
				LastSwiftUpdateCheck = 0720;
				LastUpgradeCheck = 0720;
				ORGANIZATIONNAME = "Dylan Lewis";
				TargetAttributes = {
					FCD8D05D1C3DAEEF007E2772 = {
						CreatedOnToolsVersion = 7.2;
						DevelopmentTeam = 5D6MUHPE98;
						SystemCapabilities = {
							com.apple.HomeKit = {
								enabled = 1;
							};
						};
					};
					FCD8D0711C3DAEEF007E2772 = {
						CreatedOnToolsVersion = 7.2;
						TestTargetID = FCD8D05D1C3DAEEF007E2772;
					};
					FCD8D07C1C3DAEEF007E2772 = {
						CreatedOnToolsVersion = 7.2;
						TestTargetID = FCD8D05D1C3DAEEF007E2772;
					};
				};
			};
			buildConfigurationList = FCD8D0591C3DAEEF007E2772 /* Build configuration list for PBXProject "HomeKitTest" */;
			compatibilityVersion = "Xcode 3.2";
			developmentRegion = English;
			hasScannedForEncodings = 0;
			knownRegions = (
				en,
				Base,
			);
			mainGroup = FCD8D0551C3DAEEF007E2772;
			productRefGroup = FCD8D05F1C3DAEEF007E2772 /* Products */;
			projectDirPath = "";
			projectRoot = "";
			targets = (
				FCD8D05D1C3DAEEF007E2772 /* HomeKitTest */,
				FCD8D0711C3DAEEF007E2772 /* HomeKitTestTests */,
				FCD8D07C1C3DAEEF007E2772 /* HomeKitTestUITests */,
			);
		};
/* End PBXProject section */

/* Begin PBXResourcesBuildPhase section */
		FCD8D05C1C3DAEEF007E2772 /* Resources */ = {
			isa = PBXResourcesBuildPhase;
			buildActionMask = 2147483647;
			files = (
				FCD8D06C1C3DAEEF007E2772 /* LaunchScreen.storyboard in Resources */,
				FCD8D0691C3DAEEF007E2772 /* Assets.xcassets in Resources */,
				FCD8D0671C3DAEEF007E2772 /* Main.storyboard in Resources */,
			);
			runOnlyForDeploymentPostprocessing = 0;
		};
		FCD8D0701C3DAEEF007E2772 /* Resources */ = {
			isa = PBXResourcesBuildPhase;
			buildActionMask = 2147483647;
			files = (
			);
			runOnlyForDeploymentPostprocessing = 0;
		};
		FCD8D07B1C3DAEEF007E2772 /* Resources */ = {
			isa = PBXResourcesBuildPhase;
			buildActionMask = 2147483647;
			files = (
			);
			runOnlyForDeploymentPostprocessing = 0;
		};
/* End PBXResourcesBuildPhase section */

/* Begin PBXSourcesBuildPhase section */
		FCD8D05A1C3DAEEF007E2772 /* Sources */ = {
			isa = PBXSourcesBuildPhase;
			buildActionMask = 2147483647;
			files = (
				FCCFD56B1C4A9E4E0000933D /* HomeKitDatabaseObserver.swift in Sources */,
				FCD8D0641C3DAEEF007E2772 /* ViewController.swift in Sources */,
				FCCFD56D1C4AA0D40000933D /* HomeDataStore.swift in Sources */,
				FCD8D0621C3DAEEF007E2772 /* AppDelegate.swift in Sources */,
			);
			runOnlyForDeploymentPostprocessing = 0;
		};
		FCD8D06E1C3DAEEF007E2772 /* Sources */ = {
			isa = PBXSourcesBuildPhase;
			buildActionMask = 2147483647;
			files = (
				FCD8D0771C3DAEEF007E2772 /* HomeKitTestTests.swift in Sources */,
			);
			runOnlyForDeploymentPostprocessing = 0;
		};
		FCD8D0791C3DAEEF007E2772 /* Sources */ = {
			isa = PBXSourcesBuildPhase;
			buildActionMask = 2147483647;
			files = (
				FCD8D0821C3DAEEF007E2772 /* HomeKitTestUITests.swift in Sources */,
			);
			runOnlyForDeploymentPostprocessing = 0;
		};
/* End PBXSourcesBuildPhase section */

/* Begin PBXTargetDependency section */
		FCD8D0741C3DAEEF007E2772 /* PBXTargetDependency */ = {
			isa = PBXTargetDependency;
			target = FCD8D05D1C3DAEEF007E2772 /* HomeKitTest */;
			targetProxy = FCD8D0731C3DAEEF007E2772 /* PBXContainerItemProxy */;
		};
		FCD8D07F1C3DAEEF007E2772 /* PBXTargetDependency */ = {
			isa = PBXTargetDependency;
			target = FCD8D05D1C3DAEEF007E2772 /* HomeKitTest */;
			targetProxy = FCD8D07E1C3DAEEF007E2772 /* PBXContainerItemProxy */;
		};
/* End PBXTargetDependency section */

/* Begin PBXVariantGroup section */
		FCD8D0651C3DAEEF007E2772 /* Main.storyboard */ = {
			isa = PBXVariantGroup;
			children = (
				FCD8D0661C3DAEEF007E2772 /* Base */,
			);
			name = Main.storyboard;
			sourceTree = "<group>";
		};
		FCD8D06A1C3DAEEF007E2772 /* LaunchScreen.storyboard */ = {
			isa = PBXVariantGroup;
			children = (
				FCD8D06B1C3DAEEF007E2772 /* Base */,
			);
			name = LaunchScreen.storyboard;
			sourceTree = "<group>";
		};
/* End PBXVariantGroup section */

/* Begin XCBuildConfiguration section */
		FCD8D0841C3DAEEF007E2772 /* Debug */ = {
			isa = XCBuildConfiguration;
			buildSettings = {
				ALWAYS_SEARCH_USER_PATHS = NO;
				CLANG_CXX_LANGUAGE_STANDARD = "gnu++0x";
				CLANG_CXX_LIBRARY = "libc++";
				CLANG_ENABLE_MODULES = YES;
				CLANG_ENABLE_OBJC_ARC = YES;
				CLANG_WARN_BOOL_CONVERSION = YES;
				CLANG_WARN_CONSTANT_CONVERSION = YES;
				CLANG_WARN_DIRECT_OBJC_ISA_USAGE = YES_ERROR;
				CLANG_WARN_EMPTY_BODY = YES;
				CLANG_WARN_ENUM_CONVERSION = YES;
				CLANG_WARN_INT_CONVERSION = YES;
				CLANG_WARN_OBJC_ROOT_CLASS = YES_ERROR;
				CLANG_WARN_UNREACHABLE_CODE = YES;
				CLANG_WARN__DUPLICATE_METHOD_MATCH = YES;
				"CODE_SIGN_IDENTITY[sdk=iphoneos*]" = "iPhone Developer";
				COPY_PHASE_STRIP = NO;
				DEBUG_INFORMATION_FORMAT = dwarf;
				ENABLE_STRICT_OBJC_MSGSEND = YES;
				ENABLE_TESTABILITY = YES;
				GCC_C_LANGUAGE_STANDARD = gnu99;
				GCC_DYNAMIC_NO_PIC = NO;
				GCC_NO_COMMON_BLOCKS = YES;
				GCC_OPTIMIZATION_LEVEL = 0;
				GCC_PREPROCESSOR_DEFINITIONS = (
					"DEBUG=1",
					"$(inherited)",
				);
				GCC_WARN_64_TO_32_BIT_CONVERSION = YES;
				GCC_WARN_ABOUT_RETURN_TYPE = YES_ERROR;
				GCC_WARN_UNDECLARED_SELECTOR = YES;
				GCC_WARN_UNINITIALIZED_AUTOS = YES_AGGRESSIVE;
				GCC_WARN_UNUSED_FUNCTION = YES;
				GCC_WARN_UNUSED_VARIABLE = YES;
				IPHONEOS_DEPLOYMENT_TARGET = 9.2;
				MTL_ENABLE_DEBUG_INFO = YES;
				ONLY_ACTIVE_ARCH = YES;
				SDKROOT = iphoneos;
				SWIFT_OPTIMIZATION_LEVEL = "-Onone";
			};
			name = Debug;
		};
		FCD8D0851C3DAEEF007E2772 /* Release */ = {
			isa = XCBuildConfiguration;
			buildSettings = {
				ALWAYS_SEARCH_USER_PATHS = NO;
				CLANG_CXX_LANGUAGE_STANDARD = "gnu++0x";
				CLANG_CXX_LIBRARY = "libc++";
				CLANG_ENABLE_MODULES = YES;
				CLANG_ENABLE_OBJC_ARC = YES;
				CLANG_WARN_BOOL_CONVERSION = YES;
				CLANG_WARN_CONSTANT_CONVERSION = YES;
				CLANG_WARN_DIRECT_OBJC_ISA_USAGE = YES_ERROR;
				CLANG_WARN_EMPTY_BODY = YES;
				CLANG_WARN_ENUM_CONVERSION = YES;
				CLANG_WARN_INT_CONVERSION = YES;
				CLANG_WARN_OBJC_ROOT_CLASS = YES_ERROR;
				CLANG_WARN_UNREACHABLE_CODE = YES;
				CLANG_WARN__DUPLICATE_METHOD_MATCH = YES;
				"CODE_SIGN_IDENTITY[sdk=iphoneos*]" = "iPhone Developer";
				COPY_PHASE_STRIP = NO;
				DEBUG_INFORMATION_FORMAT = "dwarf-with-dsym";
				ENABLE_NS_ASSERTIONS = NO;
				ENABLE_STRICT_OBJC_MSGSEND = YES;
				GCC_C_LANGUAGE_STANDARD = gnu99;
				GCC_NO_COMMON_BLOCKS = YES;
				GCC_WARN_64_TO_32_BIT_CONVERSION = YES;
				GCC_WARN_ABOUT_RETURN_TYPE = YES_ERROR;
				GCC_WARN_UNDECLARED_SELECTOR = YES;
				GCC_WARN_UNINITIALIZED_AUTOS = YES_AGGRESSIVE;
				GCC_WARN_UNUSED_FUNCTION = YES;
				GCC_WARN_UNUSED_VARIABLE = YES;
				IPHONEOS_DEPLOYMENT_TARGET = 9.2;
				MTL_ENABLE_DEBUG_INFO = NO;
				SDKROOT = iphoneos;
				VALIDATE_PRODUCT = YES;
			};
			name = Release;
		};
		FCD8D0871C3DAEEF007E2772 /* Debug */ = {
			isa = XCBuildConfiguration;
			buildSettings = {
				ASSETCATALOG_COMPILER_APPICON_NAME = AppIcon;
				CODE_SIGN_ENTITLEMENTS = HomeKitTest/HomeKitTest.entitlements;
				CODE_SIGN_IDENTITY = "iPhone Developer";
				"CODE_SIGN_IDENTITY[sdk=iphoneos*]" = "iPhone Developer";
				INFOPLIST_FILE = HomeKitTest/Info.plist;
				LD_RUNPATH_SEARCH_PATHS = "$(inherited) @executable_path/Frameworks";
				PRODUCT_BUNDLE_IDENTIFIER = uk.co.dylanslewis.HomeKitTest;
				PRODUCT_NAME = "$(TARGET_NAME)";
				PROVISIONING_PROFILE = "";
			};
			name = Debug;
		};
		FCD8D0881C3DAEEF007E2772 /* Release */ = {
			isa = XCBuildConfiguration;
			buildSettings = {
				ASSETCATALOG_COMPILER_APPICON_NAME = AppIcon;
				CODE_SIGN_ENTITLEMENTS = HomeKitTest/HomeKitTest.entitlements;
				CODE_SIGN_IDENTITY = "iPhone Developer";
				"CODE_SIGN_IDENTITY[sdk=iphoneos*]" = "iPhone Developer";
				INFOPLIST_FILE = HomeKitTest/Info.plist;
				LD_RUNPATH_SEARCH_PATHS = "$(inherited) @executable_path/Frameworks";
				PRODUCT_BUNDLE_IDENTIFIER = uk.co.dylanslewis.HomeKitTest;
				PRODUCT_NAME = "$(TARGET_NAME)";
				PROVISIONING_PROFILE = "";
			};
			name = Release;
		};
		FCD8D08A1C3DAEEF007E2772 /* Debug */ = {
			isa = XCBuildConfiguration;
			buildSettings = {
				BUNDLE_LOADER = "$(TEST_HOST)";
				INFOPLIST_FILE = HomeKitTestTests/Info.plist;
				LD_RUNPATH_SEARCH_PATHS = "$(inherited) @executable_path/Frameworks @loader_path/Frameworks";
				PRODUCT_BUNDLE_IDENTIFIER = uk.co.dylanslewis.HomeKitTestTests;
				PRODUCT_NAME = "$(TARGET_NAME)";
				TEST_HOST = "$(BUILT_PRODUCTS_DIR)/HomeKitTest.app/HomeKitTest";
			};
			name = Debug;
		};
		FCD8D08B1C3DAEEF007E2772 /* Release */ = {
			isa = XCBuildConfiguration;
			buildSettings = {
				BUNDLE_LOADER = "$(TEST_HOST)";
				INFOPLIST_FILE = HomeKitTestTests/Info.plist;
				LD_RUNPATH_SEARCH_PATHS = "$(inherited) @executable_path/Frameworks @loader_path/Frameworks";
				PRODUCT_BUNDLE_IDENTIFIER = uk.co.dylanslewis.HomeKitTestTests;
				PRODUCT_NAME = "$(TARGET_NAME)";
				TEST_HOST = "$(BUILT_PRODUCTS_DIR)/HomeKitTest.app/HomeKitTest";
			};
			name = Release;
		};
		FCD8D08D1C3DAEEF007E2772 /* Debug */ = {
			isa = XCBuildConfiguration;
			buildSettings = {
				INFOPLIST_FILE = HomeKitTestUITests/Info.plist;
				LD_RUNPATH_SEARCH_PATHS = "$(inherited) @executable_path/Frameworks @loader_path/Frameworks";
				PRODUCT_BUNDLE_IDENTIFIER = uk.co.dylanslewis.HomeKitTestUITests;
				PRODUCT_NAME = "$(TARGET_NAME)";
				TEST_TARGET_NAME = HomeKitTest;
				USES_XCTRUNNER = YES;
			};
			name = Debug;
		};
		FCD8D08E1C3DAEEF007E2772 /* Release */ = {
			isa = XCBuildConfiguration;
			buildSettings = {
				INFOPLIST_FILE = HomeKitTestUITests/Info.plist;
				LD_RUNPATH_SEARCH_PATHS = "$(inherited) @executable_path/Frameworks @loader_path/Frameworks";
				PRODUCT_BUNDLE_IDENTIFIER = uk.co.dylanslewis.HomeKitTestUITests;
				PRODUCT_NAME = "$(TARGET_NAME)";
				TEST_TARGET_NAME = HomeKitTest;
				USES_XCTRUNNER = YES;
			};
			name = Release;
		};
/* End XCBuildConfiguration section */

/* Begin XCConfigurationList section */
		FCD8D0591C3DAEEF007E2772 /* Build configuration list for PBXProject "HomeKitTest" */ = {
			isa = XCConfigurationList;
			buildConfigurations = (
				FCD8D0841C3DAEEF007E2772 /* Debug */,
				FCD8D0851C3DAEEF007E2772 /* Release */,
			);
			defaultConfigurationIsVisible = 0;
			defaultConfigurationName = Release;
		};
		FCD8D0861C3DAEEF007E2772 /* Build configuration list for PBXNativeTarget "HomeKitTest" */ = {
			isa = XCConfigurationList;
			buildConfigurations = (
				FCD8D0871C3DAEEF007E2772 /* Debug */,
				FCD8D0881C3DAEEF007E2772 /* Release */,
			);
			defaultConfigurationIsVisible = 0;
			defaultConfigurationName = Release;
		};
		FCD8D0891C3DAEEF007E2772 /* Build configuration list for PBXNativeTarget "HomeKitTestTests" */ = {
			isa = XCConfigurationList;
			buildConfigurations = (
				FCD8D08A1C3DAEEF007E2772 /* Debug */,
				FCD8D08B1C3DAEEF007E2772 /* Release */,
			);
			defaultConfigurationIsVisible = 0;
			defaultConfigurationName = Release;
		};
		FCD8D08C1C3DAEEF007E2772 /* Build configuration list for PBXNativeTarget "HomeKitTestUITests" */ = {
			isa = XCConfigurationList;
			buildConfigurations = (
				FCD8D08D1C3DAEEF007E2772 /* Debug */,
				FCD8D08E1C3DAEEF007E2772 /* Release */,
			);
			defaultConfigurationIsVisible = 0;
			defaultConfigurationName = Release;
		};
/* End XCConfigurationList section */
	};
	rootObject = FCD8D0561C3DAEEF007E2772 /* Project object */;
}
